
Microsoft Visual Studio Solution File, Format Version 11.00
# Visual Studio 2010
# SharpDevelop 5.1
Project("{FAE04EC0-301F-11D3-BF4B-00C04F79EFBC}") = "Calculadora", "Calculadora\Calculadora.csproj", "{45007701-878F-4CCE-B37E-2585AE364688}"
EndProject
Global
	GlobalSection(SolutionConfigurationPlatforms) = preSolution
		Debug|Any CPU = Debug|Any CPU
		Release|Any CPU = Release|Any CPU
	EndGlobalSection
	GlobalSection(ProjectConfigurationPlatforms) = postSolution
		{45007701-878F-4CCE-B37E-2585AE364688}.Debug|Any CPU.ActiveCfg = Debug|Any CPU
		{45007701-878F-4CCE-B37E-2585AE364688}.Debug|Any CPU.Build.0 = Debug|Any CPU
		{45007701-878F-4CCE-B37E-2585AE364688}.Release|Any CPU.ActiveCfg = Release|Any CPU
		{45007701-878F-4CCE-B37E-2585AE364688}.Release|Any CPU.Build.0 = Release|Any CPU
	EndGlobalSection
EndGlobal
